// !$*UTF8*$!
{
	archiveVersion = 1;
	classes = {
	};
	objectVersion = 48;
	objects = {

/* Begin PBXBuildFile section */
		722475041E8C6D95A1E3D3CB /* libPods-YPSharingCartonUITests.a in Frameworks */ = {isa = PBXBuildFile; fileRef = D9FD82D891C110CDEDA3698D /* libPods-YPSharingCartonUITests.a */; };
		73B1E06E84A30656E517E66D /* libPods-YPSharingCartonTests.a in Frameworks */ = {isa = PBXBuildFile; fileRef = C1F0416F96AE872D5D9D1A9C /* libPods-YPSharingCartonTests.a */; };
		D73E81971FE76093003C6DA9 /* AppDelegate.m in Sources */ = {isa = PBXBuildFile; fileRef = D73E81961FE76093003C6DA9 /* AppDelegate.m */; };
		D73E819A1FE76093003C6DA9 /* ViewController.m in Sources */ = {isa = PBXBuildFile; fileRef = D73E81991FE76093003C6DA9 /* ViewController.m */; };
		D73E819F1FE76093003C6DA9 /* Assets.xcassets in Resources */ = {isa = PBXBuildFile; fileRef = D73E819E1FE76093003C6DA9 /* Assets.xcassets */; };
		D73E81A51FE76093003C6DA9 /* main.m in Sources */ = {isa = PBXBuildFile; fileRef = D73E81A41FE76093003C6DA9 /* main.m */; };
		D73E81AF1FE76093003C6DA9 /* YPSharingCartonTests.m in Sources */ = {isa = PBXBuildFile; fileRef = D73E81AE1FE76093003C6DA9 /* YPSharingCartonTests.m */; };
		D73E81BA1FE76093003C6DA9 /* YPSharingCartonUITests.m in Sources */ = {isa = PBXBuildFile; fileRef = D73E81B91FE76093003C6DA9 /* YPSharingCartonUITests.m */; };
		D73E81CC1FE76208003C6DA9 /* KKSliderMenuTool.m in Sources */ = {isa = PBXBuildFile; fileRef = D73E81C81FE76208003C6DA9 /* KKSliderMenuTool.m */; };
		D73E81CD1FE76208003C6DA9 /* KKAnimateViewController.m in Sources */ = {isa = PBXBuildFile; fileRef = D73E81C91FE76208003C6DA9 /* KKAnimateViewController.m */; };
		D73E81D21FE76275003C6DA9 /* LYPMainViewController.m in Sources */ = {isa = PBXBuildFile; fileRef = D73E81D11FE76275003C6DA9 /* LYPMainViewController.m */; };
		D73E81DA1FE7685F003C6DA9 /* UIView+Extension.m in Sources */ = {isa = PBXBuildFile; fileRef = D73E81D71FE7685F003C6DA9 /* UIView+Extension.m */; };
		D73E81DB1FE7685F003C6DA9 /* UIImage+Extention.m in Sources */ = {isa = PBXBuildFile; fileRef = D73E81D81FE7685F003C6DA9 /* UIImage+Extention.m */; };
		D73E81DC1FE7685F003C6DA9 /* UIBarButtonItem+Extension.m in Sources */ = {isa = PBXBuildFile; fileRef = D73E81D91FE7685F003C6DA9 /* UIBarButtonItem+Extension.m */; };
		D73E81E01FE769E9003C6DA9 /* KKNavController.m in Sources */ = {isa = PBXBuildFile; fileRef = D73E81DF1FE769E9003C6DA9 /* KKNavController.m */; };
		D73E81EB1FE76E39003C6DA9 /* LYPPersonMainVC.m in Sources */ = {isa = PBXBuildFile; fileRef = D73E81EA1FE76E39003C6DA9 /* LYPPersonMainVC.m */; };
		D73E81EE1FE76F11003C6DA9 /* LYPMessageMainVC.m in Sources */ = {isa = PBXBuildFile; fileRef = D73E81ED1FE76F11003C6DA9 /* LYPMessageMainVC.m */; };
		D75B894C202AA21300118F22 /* Foundation+Log.m in Sources */ = {isa = PBXBuildFile; fileRef = D75B894B202AA21300118F22 /* Foundation+Log.m */; };
		D75B8959202AD5D300118F22 /* LYPListNeteworkTool.m in Sources */ = {isa = PBXBuildFile; fileRef = D75B8958202AD5D300118F22 /* LYPListNeteworkTool.m */; };
		D75B895D202AE33800118F22 /* LYPloginModel.m in Sources */ = {isa = PBXBuildFile; fileRef = D75B895C202AE33800118F22 /* LYPloginModel.m */; };
		D75B8960202AE39500118F22 /* LYPTokenModel.m in Sources */ = {isa = PBXBuildFile; fileRef = D75B895F202AE39500118F22 /* LYPTokenModel.m */; };
		D75B8963202AE3C900118F22 /* LYPErrorModel.m in Sources */ = {isa = PBXBuildFile; fileRef = D75B8962202AE3C900118F22 /* LYPErrorModel.m */; };
		D75B8967202AE4D400118F22 /* LYPDeviceListModel.m in Sources */ = {isa = PBXBuildFile; fileRef = D75B8966202AE4D400118F22 /* LYPDeviceListModel.m */; };
		D75B896C202AE70B00118F22 /* LYPDataListModel.m in Sources */ = {isa = PBXBuildFile; fileRef = D75B896B202AE70B00118F22 /* LYPDataListModel.m */; };
		D76098171FEB520E0020152C /* LYPPromptView.m in Sources */ = {isa = PBXBuildFile; fileRef = D76098161FEB520E0020152C /* LYPPromptView.m */; };
		D76098221FEB969E0020152C /* LYPScanViewController.m in Sources */ = {isa = PBXBuildFile; fileRef = D76098211FEB969E0020152C /* LYPScanViewController.m */; };
		D76098251FEB983B0020152C /* LYPCustomButton.m in Sources */ = {isa = PBXBuildFile; fileRef = D76098241FEB983B0020152C /* LYPCustomButton.m */; };
		D76098281FEB9B500020152C /* LYPFatherViewController.m in Sources */ = {isa = PBXBuildFile; fileRef = D76098271FEB9B500020152C /* LYPFatherViewController.m */; };
		D760982B1FEBAB270020152C /* LYPServiceV.m in Sources */ = {isa = PBXBuildFile; fileRef = D760982A1FEBAB270020152C /* LYPServiceV.m */; };
		D760982D1FEBAB3E0020152C /* LYPServiceV.xib in Resources */ = {isa = PBXBuildFile; fileRef = D760982C1FEBAB3E0020152C /* LYPServiceV.xib */; };
		D76098301FEBB0250020152C /* LYPServiceViewController.m in Sources */ = {isa = PBXBuildFile; fileRef = D760982F1FEBB0250020152C /* LYPServiceViewController.m */; };
		D76329CF20181EA500B55EFE /* LYPUserSingle.m in Sources */ = {isa = PBXBuildFile; fileRef = D76329CE20181EA500B55EFE /* LYPUserSingle.m */; };
		D765FA622005E5470028D8EB /* UpAndLowerButtonPlace.m in Sources */ = {isa = PBXBuildFile; fileRef = D765FA602005E5470028D8EB /* UpAndLowerButtonPlace.m */; };
		D765FA652005F3BB0028D8EB /* LYPQRCodeResultVC.m in Sources */ = {isa = PBXBuildFile; fileRef = D765FA642005F3BB0028D8EB /* LYPQRCodeResultVC.m */; };
		D768A59720294E9800C8995D /* LYPLonginNetworkTool.m in Sources */ = {isa = PBXBuildFile; fileRef = D768A59620294E9800C8995D /* LYPLonginNetworkTool.m */; };
		D768E5351FEA13C4003224AB /* LYPPersonHeadView.m in Sources */ = {isa = PBXBuildFile; fileRef = D768E5331FEA13C4003224AB /* LYPPersonHeadView.m */; };
		D768E53A1FEA3D03003224AB /* LYPPersonCycTableViewCell.m in Sources */ = {isa = PBXBuildFile; fileRef = D768E5391FEA3D03003224AB /* LYPPersonCycTableViewCell.m */; };
		D768E53C1FEA3DA5003224AB /* LYPPersonCycTableViewCell.xib in Resources */ = {isa = PBXBuildFile; fileRef = D768E53B1FEA3DA5003224AB /* LYPPersonCycTableViewCell.xib */; };
		D768E53F1FEA4CA9003224AB /* LYPPersonTableViewCell.m in Sources */ = {isa = PBXBuildFile; fileRef = D768E53E1FEA4CA9003224AB /* LYPPersonTableViewCell.m */; };
		D775BFE2202C2722009B5D55 /* icon.png in Resources */ = {isa = PBXBuildFile; fileRef = D775BFD5202C2722009B5D55 /* icon.png */; };
		D775BFE3202C2722009B5D55 /* map_history.png in Resources */ = {isa = PBXBuildFile; fileRef = D775BFD6202C2722009B5D55 /* map_history.png */; };
		D775BFE4202C2722009B5D55 /* MapManager.m in Sources */ = {isa = PBXBuildFile; fileRef = D775BFD8202C2722009B5D55 /* MapManager.m */; };
		D775BFE5202C2722009B5D55 /* MoreMenuView.m in Sources */ = {isa = PBXBuildFile; fileRef = D775BFDB202C2722009B5D55 /* MoreMenuView.m */; };
		D775BFE6202C2722009B5D55 /* SpeechSynthesizer.m in Sources */ = {isa = PBXBuildFile; fileRef = D775BFDE202C2722009B5D55 /* SpeechSynthesizer.m */; };
		D775BFE7202C2722009B5D55 /* 定位.png in Resources */ = {isa = PBXBuildFile; fileRef = D775BFDF202C2722009B5D55 /* 定位.png */; };
		D775BFE8202C2722009B5D55 /* 目的地.png in Resources */ = {isa = PBXBuildFile; fileRef = D775BFE0202C2722009B5D55 /* 目的地.png */; };
		D775BFE9202C2722009B5D55 /* 首牛.png in Resources */ = {isa = PBXBuildFile; fileRef = D775BFE1202C2722009B5D55 /* 首牛.png */; };
		D7772C0E2047D4DC00F80717 /* NSArray+LYPLog.m in Sources */ = {isa = PBXBuildFile; fileRef = D7772C0D2047D4DC00F80717 /* NSArray+LYPLog.m */; };
		D7772C122047D71C00F80717 /* LYPSavePList.m in Sources */ = {isa = PBXBuildFile; fileRef = D7772C112047D71C00F80717 /* LYPSavePList.m */; };
		D7772C1D2047D77100F80717 /* XMGModel.m in Sources */ = {isa = PBXBuildFile; fileRef = D7772C152047D77100F80717 /* XMGModel.m */; };
		D7772C1E2047D77100F80717 /* XMGSqliteModelTool.m in Sources */ = {isa = PBXBuildFile; fileRef = D7772C182047D77100F80717 /* XMGSqliteModelTool.m */; };
		D7772C1F2047D77100F80717 /* XMGSqliteTool.m in Sources */ = {isa = PBXBuildFile; fileRef = D7772C1A2047D77100F80717 /* XMGSqliteTool.m */; };
		D7772C202047D77100F80717 /* XMGTable.m in Sources */ = {isa = PBXBuildFile; fileRef = D7772C1C2047D77100F80717 /* XMGTable.m */; };
		D7772C262047FDA100F80717 /* LYPLoginVC.m in Sources */ = {isa = PBXBuildFile; fileRef = D7772C252047FDA100F80717 /* LYPLoginVC.m */; };
		D7772C282047FDC000F80717 /* LYPLoginVC.storyboard in Resources */ = {isa = PBXBuildFile; fileRef = D7772C272047FDC000F80717 /* LYPLoginVC.storyboard */; };
		D787BDD62048EC8900FA4751 /* LYPRegisterVC.m in Sources */ = {isa = PBXBuildFile; fileRef = D787BDD52048EC8900FA4751 /* LYPRegisterVC.m */; };
		D78DEADB1FFF686C0093AC6C /* libxgidfa.a in Frameworks */ = {isa = PBXBuildFile; fileRef = D78DEAD71FFF686C0093AC6C /* libxgidfa.a */; };
		D78DEADC1FFF686C0093AC6C /* libXG-SDK.a in Frameworks */ = {isa = PBXBuildFile; fileRef = D78DEAD81FFF686C0093AC6C /* libXG-SDK.a */; };
		D78DEADD1FFF686C0093AC6C /* ReleaseNotes.txt in Resources */ = {isa = PBXBuildFile; fileRef = D78DEAD91FFF686C0093AC6C /* ReleaseNotes.txt */; };
		D78DEAE01FFF68DE0093AC6C /* UserNotifications.framework in Frameworks */ = {isa = PBXBuildFile; fileRef = D78DEADF1FFF68DE0093AC6C /* UserNotifications.framework */; };
		D78DEAE21FFF68E70093AC6C /* CoreTelephony.framework in Frameworks */ = {isa = PBXBuildFile; fileRef = D78DEAE11FFF68E70093AC6C /* CoreTelephony.framework */; };
		D78DEAE41FFF68F00093AC6C /* SystemConfiguration.framework in Frameworks */ = {isa = PBXBuildFile; fileRef = D78DEAE31FFF68F00093AC6C /* SystemConfiguration.framework */; };
		D78DEAE61FFF71070093AC6C /* libsqlite3.0.tbd in Frameworks */ = {isa = PBXBuildFile; fileRef = D78DEAE51FFF71070093AC6C /* libsqlite3.0.tbd */; };
		D79668D2204536DB00067697 /* StringEXtension.m in Sources */ = {isa = PBXBuildFile; fileRef = D79668D0204536DB00067697 /* StringEXtension.m */; };
		D7A7D0831FE905B8008D8C5A /* LYPMapViewController.m in Sources */ = {isa = PBXBuildFile; fileRef = D7A7D0821FE905B8008D8C5A /* LYPMapViewController.m */; };
		D7A7D0871FE90AFC008D8C5A /* MapKit.framework in Frameworks */ = {isa = PBXBuildFile; fileRef = D7A7D0861FE90AFC008D8C5A /* MapKit.framework */; };
		E335005AF5A204DD62C9ABFB /* libPods-YPSharingCarton.a in Frameworks */ = {isa = PBXBuildFile; fileRef = 93A8B5C5573F809126DC21C1 /* libPods-YPSharingCarton.a */; };
/* End PBXBuildFile section */

/* Begin PBXContainerItemProxy section */
		D73E81AB1FE76093003C6DA9 /* PBXContainerItemProxy */ = {
			isa = PBXContainerItemProxy;
			containerPortal = D73E818A1FE76092003C6DA9 /* Project object */;
			proxyType = 1;
			remoteGlobalIDString = D73E81911FE76093003C6DA9;
			remoteInfo = YPSharingCarton;
		};
		D73E81B61FE76093003C6DA9 /* PBXContainerItemProxy */ = {
			isa = PBXContainerItemProxy;
			containerPortal = D73E818A1FE76092003C6DA9 /* Project object */;
			proxyType = 1;
			remoteGlobalIDString = D73E81911FE76093003C6DA9;
			remoteInfo = YPSharingCarton;
		};
/* End PBXContainerItemProxy section */

/* Begin PBXFileReference section */
		0D7D17CF9A8EBD84D287741D /* Pods-YPSharingCartonUITests.debug.xcconfig */ = {isa = PBXFileReference; includeInIndex = 1; lastKnownFileType = text.xcconfig; name = "Pods-YPSharingCartonUITests.debug.xcconfig"; path = "Pods/Target Support Files/Pods-YPSharingCartonUITests/Pods-YPSharingCartonUITests.debug.xcconfig"; sourceTree = "<group>"; };
		0F061F624562ADB6750888E9 /* Pods-YPSharingCarton.debug.xcconfig */ = {isa = PBXFileReference; includeInIndex = 1; lastKnownFileType = text.xcconfig; name = "Pods-YPSharingCarton.debug.xcconfig"; path = "Pods/Target Support Files/Pods-YPSharingCarton/Pods-YPSharingCarton.debug.xcconfig"; sourceTree = "<group>"; };
		1047714ECF1DE7D4D0CD8C1E /* Pods-YPSharingCartonTests.release.xcconfig */ = {isa = PBXFileReference; includeInIndex = 1; lastKnownFileType = text.xcconfig; name = "Pods-YPSharingCartonTests.release.xcconfig"; path = "Pods/Target Support Files/Pods-YPSharingCartonTests/Pods-YPSharingCartonTests.release.xcconfig"; sourceTree = "<group>"; };
		1A4EE297D2339F4323A58F9A /* Pods-YPSharingCartonTests.debug.xcconfig */ = {isa = PBXFileReference; includeInIndex = 1; lastKnownFileType = text.xcconfig; name = "Pods-YPSharingCartonTests.debug.xcconfig"; path = "Pods/Target Support Files/Pods-YPSharingCartonTests/Pods-YPSharingCartonTests.debug.xcconfig"; sourceTree = "<group>"; };
		33DDC4036BB93F6317A542ED /* Pods-YPSharingCartonUITests.release.xcconfig */ = {isa = PBXFileReference; includeInIndex = 1; lastKnownFileType = text.xcconfig; name = "Pods-YPSharingCartonUITests.release.xcconfig"; path = "Pods/Target Support Files/Pods-YPSharingCartonUITests/Pods-YPSharingCartonUITests.release.xcconfig"; sourceTree = "<group>"; };
		93A8B5C5573F809126DC21C1 /* libPods-YPSharingCarton.a */ = {isa = PBXFileReference; explicitFileType = archive.ar; includeInIndex = 0; path = "libPods-YPSharingCarton.a"; sourceTree = BUILT_PRODUCTS_DIR; };
		BB28DF9826390992DDA1880B /* Pods-YPSharingCarton.release.xcconfig */ = {isa = PBXFileReference; includeInIndex = 1; lastKnownFileType = text.xcconfig; name = "Pods-YPSharingCarton.release.xcconfig"; path = "Pods/Target Support Files/Pods-YPSharingCarton/Pods-YPSharingCarton.release.xcconfig"; sourceTree = "<group>"; };
		C1F0416F96AE872D5D9D1A9C /* libPods-YPSharingCartonTests.a */ = {isa = PBXFileReference; explicitFileType = archive.ar; includeInIndex = 0; path = "libPods-YPSharingCartonTests.a"; sourceTree = BUILT_PRODUCTS_DIR; };
		D73E81921FE76093003C6DA9 /* YPSharingCarton.app */ = {isa = PBXFileReference; explicitFileType = wrapper.application; includeInIndex = 0; path = YPSharingCarton.app; sourceTree = BUILT_PRODUCTS_DIR; };
		D73E81951FE76093003C6DA9 /* AppDelegate.h */ = {isa = PBXFileReference; lastKnownFileType = sourcecode.c.h; path = AppDelegate.h; sourceTree = "<group>"; };
		D73E81961FE76093003C6DA9 /* AppDelegate.m */ = {isa = PBXFileReference; lastKnownFileType = sourcecode.c.objc; path = AppDelegate.m; sourceTree = "<group>"; };
		D73E81981FE76093003C6DA9 /* ViewController.h */ = {isa = PBXFileReference; lastKnownFileType = sourcecode.c.h; path = ViewController.h; sourceTree = "<group>"; };
		D73E81991FE76093003C6DA9 /* ViewController.m */ = {isa = PBXFileReference; lastKnownFileType = sourcecode.c.objc; path = ViewController.m; sourceTree = "<group>"; };
		D73E819E1FE76093003C6DA9 /* Assets.xcassets */ = {isa = PBXFileReference; lastKnownFileType = folder.assetcatalog; path = Assets.xcassets; sourceTree = "<group>"; };
		D73E81A31FE76093003C6DA9 /* Info.plist */ = {isa = PBXFileReference; lastKnownFileType = text.plist.xml; path = Info.plist; sourceTree = "<group>"; };
		D73E81A41FE76093003C6DA9 /* main.m */ = {isa = PBXFileReference; lastKnownFileType = sourcecode.c.objc; path = main.m; sourceTree = "<group>"; };
		D73E81AA1FE76093003C6DA9 /* YPSharingCartonTests.xctest */ = {isa = PBXFileReference; explicitFileType = wrapper.cfbundle; includeInIndex = 0; path = YPSharingCartonTests.xctest; sourceTree = BUILT_PRODUCTS_DIR; };
		D73E81AE1FE76093003C6DA9 /* YPSharingCartonTests.m */ = {isa = PBXFileReference; lastKnownFileType = sourcecode.c.objc; path = YPSharingCartonTests.m; sourceTree = "<group>"; };
		D73E81B01FE76093003C6DA9 /* Info.plist */ = {isa = PBXFileReference; lastKnownFileType = text.plist.xml; path = Info.plist; sourceTree = "<group>"; };
		D73E81B51FE76093003C6DA9 /* YPSharingCartonUITests.xctest */ = {isa = PBXFileReference; explicitFileType = wrapper.cfbundle; includeInIndex = 0; path = YPSharingCartonUITests.xctest; sourceTree = BUILT_PRODUCTS_DIR; };
		D73E81B91FE76093003C6DA9 /* YPSharingCartonUITests.m */ = {isa = PBXFileReference; lastKnownFileType = sourcecode.c.objc; path = YPSharingCartonUITests.m; sourceTree = "<group>"; };
		D73E81BB1FE76093003C6DA9 /* Info.plist */ = {isa = PBXFileReference; lastKnownFileType = text.plist.xml; path = Info.plist; sourceTree = "<group>"; };
		D73E81C81FE76208003C6DA9 /* KKSliderMenuTool.m */ = {isa = PBXFileReference; fileEncoding = 4; lastKnownFileType = sourcecode.c.objc; path = KKSliderMenuTool.m; sourceTree = "<group>"; };
		D73E81C91FE76208003C6DA9 /* KKAnimateViewController.m */ = {isa = PBXFileReference; fileEncoding = 4; lastKnownFileType = sourcecode.c.objc; path = KKAnimateViewController.m; sourceTree = "<group>"; };
		D73E81CA1FE76208003C6DA9 /* KKSliderMenuTool.h */ = {isa = PBXFileReference; fileEncoding = 4; lastKnownFileType = sourcecode.c.h; path = KKSliderMenuTool.h; sourceTree = "<group>"; };
		D73E81CB1FE76208003C6DA9 /* KKAnimateViewController.h */ = {isa = PBXFileReference; fileEncoding = 4; lastKnownFileType = sourcecode.c.h; path = KKAnimateViewController.h; sourceTree = "<group>"; };
		D73E81D01FE76275003C6DA9 /* LYPMainViewController.h */ = {isa = PBXFileReference; lastKnownFileType = sourcecode.c.h; path = LYPMainViewController.h; sourceTree = "<group>"; };
		D73E81D11FE76275003C6DA9 /* LYPMainViewController.m */ = {isa = PBXFileReference; lastKnownFileType = sourcecode.c.objc; path = LYPMainViewController.m; sourceTree = "<group>"; };
		D73E81D41FE7685E003C6DA9 /* UIImage+Extention.h */ = {isa = PBXFileReference; fileEncoding = 4; lastKnownFileType = sourcecode.c.h; path = "UIImage+Extention.h"; sourceTree = "<group>"; };
		D73E81D51FE7685E003C6DA9 /* UIBarButtonItem+Extension.h */ = {isa = PBXFileReference; fileEncoding = 4; lastKnownFileType = sourcecode.c.h; path = "UIBarButtonItem+Extension.h"; sourceTree = "<group>"; };
		D73E81D61FE7685F003C6DA9 /* UIView+Extension.h */ = {isa = PBXFileReference; fileEncoding = 4; lastKnownFileType = sourcecode.c.h; path = "UIView+Extension.h"; sourceTree = "<group>"; };
		D73E81D71FE7685F003C6DA9 /* UIView+Extension.m */ = {isa = PBXFileReference; fileEncoding = 4; lastKnownFileType = sourcecode.c.objc; path = "UIView+Extension.m"; sourceTree = "<group>"; };
		D73E81D81FE7685F003C6DA9 /* UIImage+Extention.m */ = {isa = PBXFileReference; fileEncoding = 4; lastKnownFileType = sourcecode.c.objc; path = "UIImage+Extention.m"; sourceTree = "<group>"; };
		D73E81D91FE7685F003C6DA9 /* UIBarButtonItem+Extension.m */ = {isa = PBXFileReference; fileEncoding = 4; lastKnownFileType = sourcecode.c.objc; path = "UIBarButtonItem+Extension.m"; sourceTree = "<group>"; };
		D73E81DD1FE768A6003C6DA9 /* PrefixHeader.pch */ = {isa = PBXFileReference; lastKnownFileType = sourcecode.c.h; path = PrefixHeader.pch; sourceTree = "<group>"; };
		D73E81DE1FE769E9003C6DA9 /* KKNavController.h */ = {isa = PBXFileReference; fileEncoding = 4; lastKnownFileType = sourcecode.c.h; path = KKNavController.h; sourceTree = "<group>"; };
		D73E81DF1FE769E9003C6DA9 /* KKNavController.m */ = {isa = PBXFileReference; fileEncoding = 4; lastKnownFileType = sourcecode.c.objc; path = KKNavController.m; sourceTree = "<group>"; };
		D73E81E91FE76E39003C6DA9 /* LYPPersonMainVC.h */ = {isa = PBXFileReference; lastKnownFileType = sourcecode.c.h; path = LYPPersonMainVC.h; sourceTree = "<group>"; };
		D73E81EA1FE76E39003C6DA9 /* LYPPersonMainVC.m */ = {isa = PBXFileReference; lastKnownFileType = sourcecode.c.objc; path = LYPPersonMainVC.m; sourceTree = "<group>"; };
		D73E81EC1FE76F11003C6DA9 /* LYPMessageMainVC.h */ = {isa = PBXFileReference; lastKnownFileType = sourcecode.c.h; path = LYPMessageMainVC.h; sourceTree = "<group>"; };
		D73E81ED1FE76F11003C6DA9 /* LYPMessageMainVC.m */ = {isa = PBXFileReference; lastKnownFileType = sourcecode.c.objc; path = LYPMessageMainVC.m; sourceTree = "<group>"; };
		D75B894B202AA21300118F22 /* Foundation+Log.m */ = {isa = PBXFileReference; fileEncoding = 4; lastKnownFileType = sourcecode.c.objc; path = "Foundation+Log.m"; sourceTree = "<group>"; };
		D75B8957202AD5D300118F22 /* LYPListNeteworkTool.h */ = {isa = PBXFileReference; lastKnownFileType = sourcecode.c.h; path = LYPListNeteworkTool.h; sourceTree = "<group>"; };
		D75B8958202AD5D300118F22 /* LYPListNeteworkTool.m */ = {isa = PBXFileReference; lastKnownFileType = sourcecode.c.objc; path = LYPListNeteworkTool.m; sourceTree = "<group>"; };
		D75B895B202AE33800118F22 /* LYPloginModel.h */ = {isa = PBXFileReference; lastKnownFileType = sourcecode.c.h; path = LYPloginModel.h; sourceTree = "<group>"; };
		D75B895C202AE33800118F22 /* LYPloginModel.m */ = {isa = PBXFileReference; lastKnownFileType = sourcecode.c.objc; path = LYPloginModel.m; sourceTree = "<group>"; };
		D75B895E202AE39500118F22 /* LYPTokenModel.h */ = {isa = PBXFileReference; lastKnownFileType = sourcecode.c.h; path = LYPTokenModel.h; sourceTree = "<group>"; };
		D75B895F202AE39500118F22 /* LYPTokenModel.m */ = {isa = PBXFileReference; lastKnownFileType = sourcecode.c.objc; path = LYPTokenModel.m; sourceTree = "<group>"; };
		D75B8961202AE3C900118F22 /* LYPErrorModel.h */ = {isa = PBXFileReference; lastKnownFileType = sourcecode.c.h; path = LYPErrorModel.h; sourceTree = "<group>"; };
		D75B8962202AE3C900118F22 /* LYPErrorModel.m */ = {isa = PBXFileReference; lastKnownFileType = sourcecode.c.objc; path = LYPErrorModel.m; sourceTree = "<group>"; };
		D75B8965202AE4D400118F22 /* LYPDeviceListModel.h */ = {isa = PBXFileReference; lastKnownFileType = sourcecode.c.h; path = LYPDeviceListModel.h; sourceTree = "<group>"; };
		D75B8966202AE4D400118F22 /* LYPDeviceListModel.m */ = {isa = PBXFileReference; lastKnownFileType = sourcecode.c.objc; path = LYPDeviceListModel.m; sourceTree = "<group>"; };
		D75B896A202AE70B00118F22 /* LYPDataListModel.h */ = {isa = PBXFileReference; lastKnownFileType = sourcecode.c.h; path = LYPDataListModel.h; sourceTree = "<group>"; };
		D75B896B202AE70B00118F22 /* LYPDataListModel.m */ = {isa = PBXFileReference; lastKnownFileType = sourcecode.c.objc; path = LYPDataListModel.m; sourceTree = "<group>"; };
		D76098151FEB520E0020152C /* LYPPromptView.h */ = {isa = PBXFileReference; lastKnownFileType = sourcecode.c.h; path = LYPPromptView.h; sourceTree = "<group>"; };
		D76098161FEB520E0020152C /* LYPPromptView.m */ = {isa = PBXFileReference; lastKnownFileType = sourcecode.c.objc; path = LYPPromptView.m; sourceTree = "<group>"; };
		D76098201FEB969E0020152C /* LYPScanViewController.h */ = {isa = PBXFileReference; lastKnownFileType = sourcecode.c.h; path = LYPScanViewController.h; sourceTree = "<group>"; };
		D76098211FEB969E0020152C /* LYPScanViewController.m */ = {isa = PBXFileReference; lastKnownFileType = sourcecode.c.objc; path = LYPScanViewController.m; sourceTree = "<group>"; };
		D76098231FEB983B0020152C /* LYPCustomButton.h */ = {isa = PBXFileReference; lastKnownFileType = sourcecode.c.h; path = LYPCustomButton.h; sourceTree = "<group>"; };
		D76098241FEB983B0020152C /* LYPCustomButton.m */ = {isa = PBXFileReference; lastKnownFileType = sourcecode.c.objc; path = LYPCustomButton.m; sourceTree = "<group>"; };
		D76098261FEB9B500020152C /* LYPFatherViewController.h */ = {isa = PBXFileReference; lastKnownFileType = sourcecode.c.h; path = LYPFatherViewController.h; sourceTree = "<group>"; };
		D76098271FEB9B500020152C /* LYPFatherViewController.m */ = {isa = PBXFileReference; lastKnownFileType = sourcecode.c.objc; path = LYPFatherViewController.m; sourceTree = "<group>"; };
		D76098291FEBAB270020152C /* LYPServiceV.h */ = {isa = PBXFileReference; lastKnownFileType = sourcecode.c.h; path = LYPServiceV.h; sourceTree = "<group>"; };
		D760982A1FEBAB270020152C /* LYPServiceV.m */ = {isa = PBXFileReference; lastKnownFileType = sourcecode.c.objc; path = LYPServiceV.m; sourceTree = "<group>"; };
		D760982C1FEBAB3E0020152C /* LYPServiceV.xib */ = {isa = PBXFileReference; lastKnownFileType = file.xib; path = LYPServiceV.xib; sourceTree = "<group>"; };
		D760982E1FEBB0250020152C /* LYPServiceViewController.h */ = {isa = PBXFileReference; lastKnownFileType = sourcecode.c.h; path = LYPServiceViewController.h; sourceTree = "<group>"; };
		D760982F1FEBB0250020152C /* LYPServiceViewController.m */ = {isa = PBXFileReference; lastKnownFileType = sourcecode.c.objc; path = LYPServiceViewController.m; sourceTree = "<group>"; };
		D76329CD20181EA500B55EFE /* LYPUserSingle.h */ = {isa = PBXFileReference; lastKnownFileType = sourcecode.c.h; path = LYPUserSingle.h; sourceTree = "<group>"; };
		D76329CE20181EA500B55EFE /* LYPUserSingle.m */ = {isa = PBXFileReference; lastKnownFileType = sourcecode.c.objc; path = LYPUserSingle.m; sourceTree = "<group>"; };
		D765FA602005E5470028D8EB /* UpAndLowerButtonPlace.m */ = {isa = PBXFileReference; fileEncoding = 4; lastKnownFileType = sourcecode.c.objc; path = UpAndLowerButtonPlace.m; sourceTree = "<group>"; };
		D765FA612005E5470028D8EB /* UpAndLowerButtonPlace.h */ = {isa = PBXFileReference; fileEncoding = 4; lastKnownFileType = sourcecode.c.h; path = UpAndLowerButtonPlace.h; sourceTree = "<group>"; };
		D765FA632005F3BB0028D8EB /* LYPQRCodeResultVC.h */ = {isa = PBXFileReference; lastKnownFileType = sourcecode.c.h; path = LYPQRCodeResultVC.h; sourceTree = "<group>"; };
		D765FA642005F3BB0028D8EB /* LYPQRCodeResultVC.m */ = {isa = PBXFileReference; lastKnownFileType = sourcecode.c.objc; path = LYPQRCodeResultVC.m; sourceTree = "<group>"; };
		D768A59520294E9800C8995D /* LYPLonginNetworkTool.h */ = {isa = PBXFileReference; lastKnownFileType = sourcecode.c.h; path = LYPLonginNetworkTool.h; sourceTree = "<group>"; };
		D768A59620294E9800C8995D /* LYPLonginNetworkTool.m */ = {isa = PBXFileReference; lastKnownFileType = sourcecode.c.objc; path = LYPLonginNetworkTool.m; sourceTree = "<group>"; };
		D768E5321FEA13C4003224AB /* LYPPersonHeadView.h */ = {isa = PBXFileReference; lastKnownFileType = sourcecode.c.h; path = LYPPersonHeadView.h; sourceTree = "<group>"; };
		D768E5331FEA13C4003224AB /* LYPPersonHeadView.m */ = {isa = PBXFileReference; lastKnownFileType = sourcecode.c.objc; path = LYPPersonHeadView.m; sourceTree = "<group>"; };
		D768E5381FEA3D03003224AB /* LYPPersonCycTableViewCell.h */ = {isa = PBXFileReference; lastKnownFileType = sourcecode.c.h; path = LYPPersonCycTableViewCell.h; sourceTree = "<group>"; };
		D768E5391FEA3D03003224AB /* LYPPersonCycTableViewCell.m */ = {isa = PBXFileReference; lastKnownFileType = sourcecode.c.objc; path = LYPPersonCycTableViewCell.m; sourceTree = "<group>"; };
		D768E53B1FEA3DA5003224AB /* LYPPersonCycTableViewCell.xib */ = {isa = PBXFileReference; lastKnownFileType = file.xib; path = LYPPersonCycTableViewCell.xib; sourceTree = "<group>"; };
		D768E53D1FEA4CA9003224AB /* LYPPersonTableViewCell.h */ = {isa = PBXFileReference; lastKnownFileType = sourcecode.c.h; path = LYPPersonTableViewCell.h; sourceTree = "<group>"; };
		D768E53E1FEA4CA9003224AB /* LYPPersonTableViewCell.m */ = {isa = PBXFileReference; lastKnownFileType = sourcecode.c.objc; path = LYPPersonTableViewCell.m; sourceTree = "<group>"; };
		D775BFD5202C2722009B5D55 /* icon.png */ = {isa = PBXFileReference; lastKnownFileType = image.png; path = icon.png; sourceTree = "<group>"; };
		D775BFD6202C2722009B5D55 /* map_history.png */ = {isa = PBXFileReference; lastKnownFileType = image.png; path = map_history.png; sourceTree = "<group>"; };
		D775BFD7202C2722009B5D55 /* MapManager.h */ = {isa = PBXFileReference; fileEncoding = 4; lastKnownFileType = sourcecode.c.h; path = MapManager.h; sourceTree = "<group>"; };
		D775BFD8202C2722009B5D55 /* MapManager.m */ = {isa = PBXFileReference; fileEncoding = 4; lastKnownFileType = sourcecode.c.objc; path = MapManager.m; sourceTree = "<group>"; };
		D775BFDA202C2722009B5D55 /* MoreMenuView.h */ = {isa = PBXFileReference; fileEncoding = 4; lastKnownFileType = sourcecode.c.h; path = MoreMenuView.h; sourceTree = "<group>"; };
		D775BFDB202C2722009B5D55 /* MoreMenuView.m */ = {isa = PBXFileReference; fileEncoding = 4; lastKnownFileType = sourcecode.c.objc; path = MoreMenuView.m; sourceTree = "<group>"; };
		D775BFDD202C2722009B5D55 /* SpeechSynthesizer.h */ = {isa = PBXFileReference; fileEncoding = 4; lastKnownFileType = sourcecode.c.h; path = SpeechSynthesizer.h; sourceTree = "<group>"; };
		D775BFDE202C2722009B5D55 /* SpeechSynthesizer.m */ = {isa = PBXFileReference; fileEncoding = 4; lastKnownFileType = sourcecode.c.objc; path = SpeechSynthesizer.m; sourceTree = "<group>"; };
		D775BFDF202C2722009B5D55 /* 定位.png */ = {isa = PBXFileReference; lastKnownFileType = image.png; path = "定位.png"; sourceTree = "<group>"; };
		D775BFE0202C2722009B5D55 /* 目的地.png */ = {isa = PBXFileReference; lastKnownFileType = image.png; path = "目的地.png"; sourceTree = "<group>"; };
		D775BFE1202C2722009B5D55 /* 首牛.png */ = {isa = PBXFileReference; lastKnownFileType = image.png; path = "首牛.png"; sourceTree = "<group>"; };
		D7772C0C2047D4DC00F80717 /* NSArray+LYPLog.h */ = {isa = PBXFileReference; lastKnownFileType = sourcecode.c.h; path = "NSArray+LYPLog.h"; sourceTree = "<group>"; };
		D7772C0D2047D4DC00F80717 /* NSArray+LYPLog.m */ = {isa = PBXFileReference; lastKnownFileType = sourcecode.c.objc; path = "NSArray+LYPLog.m"; sourceTree = "<group>"; };
		D7772C102047D71C00F80717 /* LYPSavePList.h */ = {isa = PBXFileReference; lastKnownFileType = sourcecode.c.h; path = LYPSavePList.h; sourceTree = "<group>"; };
		D7772C112047D71C00F80717 /* LYPSavePList.m */ = {isa = PBXFileReference; lastKnownFileType = sourcecode.c.objc; path = LYPSavePList.m; sourceTree = "<group>"; };
		D7772C142047D77100F80717 /* XMGModel.h */ = {isa = PBXFileReference; fileEncoding = 4; lastKnownFileType = sourcecode.c.h; path = XMGModel.h; sourceTree = "<group>"; };
		D7772C152047D77100F80717 /* XMGModel.m */ = {isa = PBXFileReference; fileEncoding = 4; lastKnownFileType = sourcecode.c.objc; path = XMGModel.m; sourceTree = "<group>"; };
		D7772C162047D77100F80717 /* XMGSqliteModelProtocol.h */ = {isa = PBXFileReference; fileEncoding = 4; lastKnownFileType = sourcecode.c.h; path = XMGSqliteModelProtocol.h; sourceTree = "<group>"; };
		D7772C172047D77100F80717 /* XMGSqliteModelTool.h */ = {isa = PBXFileReference; fileEncoding = 4; lastKnownFileType = sourcecode.c.h; path = XMGSqliteModelTool.h; sourceTree = "<group>"; };
		D7772C182047D77100F80717 /* XMGSqliteModelTool.m */ = {isa = PBXFileReference; fileEncoding = 4; lastKnownFileType = sourcecode.c.objc; path = XMGSqliteModelTool.m; sourceTree = "<group>"; };
		D7772C192047D77100F80717 /* XMGSqliteTool.h */ = {isa = PBXFileReference; fileEncoding = 4; lastKnownFileType = sourcecode.c.h; path = XMGSqliteTool.h; sourceTree = "<group>"; };
		D7772C1A2047D77100F80717 /* XMGSqliteTool.m */ = {isa = PBXFileReference; fileEncoding = 4; lastKnownFileType = sourcecode.c.objc; path = XMGSqliteTool.m; sourceTree = "<group>"; };
		D7772C1B2047D77100F80717 /* XMGTable.h */ = {isa = PBXFileReference; fileEncoding = 4; lastKnownFileType = sourcecode.c.h; path = XMGTable.h; sourceTree = "<group>"; };
		D7772C1C2047D77100F80717 /* XMGTable.m */ = {isa = PBXFileReference; fileEncoding = 4; lastKnownFileType = sourcecode.c.objc; path = XMGTable.m; sourceTree = "<group>"; };
		D7772C242047FDA100F80717 /* LYPLoginVC.h */ = {isa = PBXFileReference; lastKnownFileType = sourcecode.c.h; path = LYPLoginVC.h; sourceTree = "<group>"; };
		D7772C252047FDA100F80717 /* LYPLoginVC.m */ = {isa = PBXFileReference; lastKnownFileType = sourcecode.c.objc; path = LYPLoginVC.m; sourceTree = "<group>"; };
		D7772C272047FDC000F80717 /* LYPLoginVC.storyboard */ = {isa = PBXFileReference; lastKnownFileType = file.storyboard; path = LYPLoginVC.storyboard; sourceTree = "<group>"; };
		D787BDD42048EC8900FA4751 /* LYPRegisterVC.h */ = {isa = PBXFileReference; lastKnownFileType = sourcecode.c.h; path = LYPRegisterVC.h; sourceTree = "<group>"; };
		D787BDD52048EC8900FA4751 /* LYPRegisterVC.m */ = {isa = PBXFileReference; lastKnownFileType = sourcecode.c.objc; path = LYPRegisterVC.m; sourceTree = "<group>"; };
		D78DEAD71FFF686C0093AC6C /* libxgidfa.a */ = {isa = PBXFileReference; lastKnownFileType = archive.ar; path = libxgidfa.a; sourceTree = "<group>"; };
		D78DEAD81FFF686C0093AC6C /* libXG-SDK.a */ = {isa = PBXFileReference; lastKnownFileType = archive.ar; path = "libXG-SDK.a"; sourceTree = "<group>"; };
		D78DEAD91FFF686C0093AC6C /* ReleaseNotes.txt */ = {isa = PBXFileReference; fileEncoding = 4; lastKnownFileType = text; path = ReleaseNotes.txt; sourceTree = "<group>"; };
		D78DEADA1FFF686C0093AC6C /* XGPush.h */ = {isa = PBXFileReference; fileEncoding = 4; lastKnownFileType = sourcecode.c.h; path = XGPush.h; sourceTree = "<group>"; };
		D78DEADE1FFF68940093AC6C /* YPSharingCarton.entitlements */ = {isa = PBXFileReference; lastKnownFileType = text.plist.entitlements; path = YPSharingCarton.entitlements; sourceTree = "<group>"; };
		D78DEADF1FFF68DE0093AC6C /* UserNotifications.framework */ = {isa = PBXFileReference; lastKnownFileType = wrapper.framework; name = UserNotifications.framework; path = System/Library/Frameworks/UserNotifications.framework; sourceTree = SDKROOT; };
		D78DEAE11FFF68E70093AC6C /* CoreTelephony.framework */ = {isa = PBXFileReference; lastKnownFileType = wrapper.framework; name = CoreTelephony.framework; path = System/Library/Frameworks/CoreTelephony.framework; sourceTree = SDKROOT; };
		D78DEAE31FFF68F00093AC6C /* SystemConfiguration.framework */ = {isa = PBXFileReference; lastKnownFileType = wrapper.framework; name = SystemConfiguration.framework; path = System/Library/Frameworks/SystemConfiguration.framework; sourceTree = SDKROOT; };
		D78DEAE51FFF71070093AC6C /* libsqlite3.0.tbd */ = {isa = PBXFileReference; lastKnownFileType = "sourcecode.text-based-dylib-definition"; name = libsqlite3.0.tbd; path = usr/lib/libsqlite3.0.tbd; sourceTree = SDKROOT; };
		D79668D0204536DB00067697 /* StringEXtension.m */ = {isa = PBXFileReference; fileEncoding = 4; lastKnownFileType = sourcecode.c.objc; path = StringEXtension.m; sourceTree = "<group>"; };
		D79668D1204536DB00067697 /* StringEXtension.h */ = {isa = PBXFileReference; fileEncoding = 4; lastKnownFileType = sourcecode.c.h; path = StringEXtension.h; sourceTree = "<group>"; };
		D7A7D0811FE905B8008D8C5A /* LYPMapViewController.h */ = {isa = PBXFileReference; lastKnownFileType = sourcecode.c.h; path = LYPMapViewController.h; sourceTree = "<group>"; };
		D7A7D0821FE905B8008D8C5A /* LYPMapViewController.m */ = {isa = PBXFileReference; lastKnownFileType = sourcecode.c.objc; path = LYPMapViewController.m; sourceTree = "<group>"; };
		D7A7D0861FE90AFC008D8C5A /* MapKit.framework */ = {isa = PBXFileReference; lastKnownFileType = wrapper.framework; name = MapKit.framework; path = System/Library/Frameworks/MapKit.framework; sourceTree = SDKROOT; };
		D9FD82D891C110CDEDA3698D /* libPods-YPSharingCartonUITests.a */ = {isa = PBXFileReference; explicitFileType = archive.ar; includeInIndex = 0; path = "libPods-YPSharingCartonUITests.a"; sourceTree = BUILT_PRODUCTS_DIR; };
/* End PBXFileReference section */

/* Begin PBXFrameworksBuildPhase section */
		D73E818F1FE76093003C6DA9 /* Frameworks */ = {
			isa = PBXFrameworksBuildPhase;
			buildActionMask = 2147483647;
			files = (
				D78DEAE61FFF71070093AC6C /* libsqlite3.0.tbd in Frameworks */,
				D78DEAE41FFF68F00093AC6C /* SystemConfiguration.framework in Frameworks */,
				D78DEAE21FFF68E70093AC6C /* CoreTelephony.framework in Frameworks */,
				D78DEAE01FFF68DE0093AC6C /* UserNotifications.framework in Frameworks */,
				D78DEADB1FFF686C0093AC6C /* libxgidfa.a in Frameworks */,
				D7A7D0871FE90AFC008D8C5A /* MapKit.framework in Frameworks */,
				E335005AF5A204DD62C9ABFB /* libPods-YPSharingCarton.a in Frameworks */,
				D78DEADC1FFF686C0093AC6C /* libXG-SDK.a in Frameworks */,
			);
			runOnlyForDeploymentPostprocessing = 0;
		};
		D73E81A71FE76093003C6DA9 /* Frameworks */ = {
			isa = PBXFrameworksBuildPhase;
			buildActionMask = 2147483647;
			files = (
				73B1E06E84A30656E517E66D /* libPods-YPSharingCartonTests.a in Frameworks */,
			);
			runOnlyForDeploymentPostprocessing = 0;
		};
		D73E81B21FE76093003C6DA9 /* Frameworks */ = {
			isa = PBXFrameworksBuildPhase;
			buildActionMask = 2147483647;
			files = (
				722475041E8C6D95A1E3D3CB /* libPods-YPSharingCartonUITests.a in Frameworks */,
			);
			runOnlyForDeploymentPostprocessing = 0;
		};
/* End PBXFrameworksBuildPhase section */

/* Begin PBXGroup section */
		AEB15136B62B774B67174166 /* Pods */ = {
			isa = PBXGroup;
			children = (
				0F061F624562ADB6750888E9 /* Pods-YPSharingCarton.debug.xcconfig */,
				BB28DF9826390992DDA1880B /* Pods-YPSharingCarton.release.xcconfig */,
				1A4EE297D2339F4323A58F9A /* Pods-YPSharingCartonTests.debug.xcconfig */,
				1047714ECF1DE7D4D0CD8C1E /* Pods-YPSharingCartonTests.release.xcconfig */,
				0D7D17CF9A8EBD84D287741D /* Pods-YPSharingCartonUITests.debug.xcconfig */,
				33DDC4036BB93F6317A542ED /* Pods-YPSharingCartonUITests.release.xcconfig */,
			);
			name = Pods;
			sourceTree = "<group>";
		};
		D73E81891FE76092003C6DA9 = {
			isa = PBXGroup;
			children = (
				D73E81941FE76093003C6DA9 /* YPSharingCarton */,
				D73E81AD1FE76093003C6DA9 /* YPSharingCartonTests */,
				D73E81B81FE76093003C6DA9 /* YPSharingCartonUITests */,
				D73E81931FE76093003C6DA9 /* Products */,
				AEB15136B62B774B67174166 /* Pods */,
				E4F1A12B563DF3541C8AFEC4 /* Frameworks */,
			);
			sourceTree = "<group>";
		};
		D73E81931FE76093003C6DA9 /* Products */ = {
			isa = PBXGroup;
			children = (
				D73E81921FE76093003C6DA9 /* YPSharingCarton.app */,
				D73E81AA1FE76093003C6DA9 /* YPSharingCartonTests.xctest */,
				D73E81B51FE76093003C6DA9 /* YPSharingCartonUITests.xctest */,
			);
			name = Products;
			sourceTree = "<group>";
		};
		D73E81941FE76093003C6DA9 /* YPSharingCarton */ = {
			isa = PBXGroup;
			children = (
				D7772C0F2047D65400F80717 /* Tool */,
				D78DEADE1FFF68940093AC6C /* YPSharingCarton.entitlements */,
				D78DEAD51FFF686C0093AC6C /* sdk */,
				D73E81E51FE76DD5003C6DA9 /* Main */,
				D73E81D31FE767EE003C6DA9 /* UITool */,
				D73E81CF1FE7621B003C6DA9 /* 地图主页 */,
				D73E81C71FE761AC003C6DA9 /* 侧边栏 */,
				D73E81951FE76093003C6DA9 /* AppDelegate.h */,
				D73E81961FE76093003C6DA9 /* AppDelegate.m */,
				D73E81981FE76093003C6DA9 /* ViewController.h */,
				D73E81991FE76093003C6DA9 /* ViewController.m */,
				D76329CD20181EA500B55EFE /* LYPUserSingle.h */,
				D76329CE20181EA500B55EFE /* LYPUserSingle.m */,
				D73E819E1FE76093003C6DA9 /* Assets.xcassets */,
				D73E81A31FE76093003C6DA9 /* Info.plist */,
				D73E81A41FE76093003C6DA9 /* main.m */,
				D73E81DD1FE768A6003C6DA9 /* PrefixHeader.pch */,
			);
			path = YPSharingCarton;
			sourceTree = "<group>";
		};
		D73E81AD1FE76093003C6DA9 /* YPSharingCartonTests */ = {
			isa = PBXGroup;
			children = (
				D7772C0B2047D4BC00F80717 /* NSLog */,
				D75B894B202AA21300118F22 /* Foundation+Log.m */,
				D73E81AE1FE76093003C6DA9 /* YPSharingCartonTests.m */,
				D73E81B01FE76093003C6DA9 /* Info.plist */,
			);
			path = YPSharingCartonTests;
			sourceTree = "<group>";
		};
		D73E81B81FE76093003C6DA9 /* YPSharingCartonUITests */ = {
			isa = PBXGroup;
			children = (
				D73E81B91FE76093003C6DA9 /* YPSharingCartonUITests.m */,
				D73E81BB1FE76093003C6DA9 /* Info.plist */,
			);
			path = YPSharingCartonUITests;
			sourceTree = "<group>";
		};
		D73E81C71FE761AC003C6DA9 /* 侧边栏 */ = {
			isa = PBXGroup;
			children = (
				D73E81DE1FE769E9003C6DA9 /* KKNavController.h */,
				D73E81DF1FE769E9003C6DA9 /* KKNavController.m */,
				D73E81CB1FE76208003C6DA9 /* KKAnimateViewController.h */,
				D73E81C91FE76208003C6DA9 /* KKAnimateViewController.m */,
				D73E81CA1FE76208003C6DA9 /* KKSliderMenuTool.h */,
				D73E81C81FE76208003C6DA9 /* KKSliderMenuTool.m */,
			);
			path = "侧边栏";
			sourceTree = "<group>";
		};
		D73E81CF1FE7621B003C6DA9 /* 地图主页 */ = {
			isa = PBXGroup;
			children = (
				D73E81E11FE76DB4003C6DA9 /* Controller */,
				D73E81E31FE76DB5003C6DA9 /* Model */,
				D73E81E21FE76DB4003C6DA9 /* View */,
			);
			path = "地图主页";
			sourceTree = "<group>";
		};
		D73E81D31FE767EE003C6DA9 /* UITool */ = {
			isa = PBXGroup;
			children = (
				D79668D1204536DB00067697 /* StringEXtension.h */,
				D79668D0204536DB00067697 /* StringEXtension.m */,
				D765FA612005E5470028D8EB /* UpAndLowerButtonPlace.h */,
				D765FA602005E5470028D8EB /* UpAndLowerButtonPlace.m */,
				D73E81D51FE7685E003C6DA9 /* UIBarButtonItem+Extension.h */,
				D73E81D91FE7685F003C6DA9 /* UIBarButtonItem+Extension.m */,
				D73E81D41FE7685E003C6DA9 /* UIImage+Extention.h */,
				D73E81D81FE7685F003C6DA9 /* UIImage+Extention.m */,
				D73E81D61FE7685F003C6DA9 /* UIView+Extension.h */,
				D73E81D71FE7685F003C6DA9 /* UIView+Extension.m */,
				D76098151FEB520E0020152C /* LYPPromptView.h */,
				D76098161FEB520E0020152C /* LYPPromptView.m */,
				D76098231FEB983B0020152C /* LYPCustomButton.h */,
				D76098241FEB983B0020152C /* LYPCustomButton.m */,
			);
			path = UITool;
			sourceTree = "<group>";
		};
		D73E81E11FE76DB4003C6DA9 /* Controller */ = {
			isa = PBXGroup;
			children = (
				D775BFD4202C2722009B5D55 /* Manager */,
				D73E81D01FE76275003C6DA9 /* LYPMainViewController.h */,
				D73E81D11FE76275003C6DA9 /* LYPMainViewController.m */,
				D7A7D0811FE905B8008D8C5A /* LYPMapViewController.h */,
				D7A7D0821FE905B8008D8C5A /* LYPMapViewController.m */,
				D76098261FEB9B500020152C /* LYPFatherViewController.h */,
				D76098271FEB9B500020152C /* LYPFatherViewController.m */,
				D760982E1FEBB0250020152C /* LYPServiceViewController.h */,
				D760982F1FEBB0250020152C /* LYPServiceViewController.m */,
			);
			path = Controller;
			sourceTree = "<group>";
		};
		D73E81E21FE76DB4003C6DA9 /* View */ = {
			isa = PBXGroup;
			children = (
				D76098291FEBAB270020152C /* LYPServiceV.h */,
				D760982A1FEBAB270020152C /* LYPServiceV.m */,
				D760982C1FEBAB3E0020152C /* LYPServiceV.xib */,
			);
			path = View;
			sourceTree = "<group>";
		};
		D73E81E31FE76DB5003C6DA9 /* Model */ = {
			isa = PBXGroup;
			children = (
			);
			path = Model;
			sourceTree = "<group>";
		};
		D73E81E51FE76DD5003C6DA9 /* Main */ = {
			isa = PBXGroup;
			children = (
				D768A59420294E4A00C8995D /* NetworkTool */,
				D73E81E61FE76DE3003C6DA9 /* Controller */,
				D73E81E81FE76DE3003C6DA9 /* Model */,
				D73E81E71FE76DE3003C6DA9 /* View */,
			);
			path = Main;
			sourceTree = "<group>";
		};
		D73E81E61FE76DE3003C6DA9 /* Controller */ = {
			isa = PBXGroup;
			children = (
				D7772C232047FD5B00F80717 /* Login */,
				D73E81E91FE76E39003C6DA9 /* LYPPersonMainVC.h */,
				D73E81EA1FE76E39003C6DA9 /* LYPPersonMainVC.m */,
				D73E81EC1FE76F11003C6DA9 /* LYPMessageMainVC.h */,
				D73E81ED1FE76F11003C6DA9 /* LYPMessageMainVC.m */,
				D76098201FEB969E0020152C /* LYPScanViewController.h */,
				D76098211FEB969E0020152C /* LYPScanViewController.m */,
				D765FA632005F3BB0028D8EB /* LYPQRCodeResultVC.h */,
				D765FA642005F3BB0028D8EB /* LYPQRCodeResultVC.m */,
			);
			path = Controller;
			sourceTree = "<group>";
		};
		D73E81E71FE76DE3003C6DA9 /* View */ = {
			isa = PBXGroup;
			children = (
				D768E5321FEA13C4003224AB /* LYPPersonHeadView.h */,
				D768E5331FEA13C4003224AB /* LYPPersonHeadView.m */,
				D768E5381FEA3D03003224AB /* LYPPersonCycTableViewCell.h */,
				D768E5391FEA3D03003224AB /* LYPPersonCycTableViewCell.m */,
				D768E53B1FEA3DA5003224AB /* LYPPersonCycTableViewCell.xib */,
				D768E53D1FEA4CA9003224AB /* LYPPersonTableViewCell.h */,
				D768E53E1FEA4CA9003224AB /* LYPPersonTableViewCell.m */,
			);
			path = View;
			sourceTree = "<group>";
		};
		D73E81E81FE76DE3003C6DA9 /* Model */ = {
			isa = PBXGroup;
			children = (
				D75B8964202AE4B300118F22 /* DevieceListModel */,
				D75B895A202AE30B00118F22 /* LoginModel */,
			);
			path = Model;
			sourceTree = "<group>";
		};
		D75B895A202AE30B00118F22 /* LoginModel */ = {
			isa = PBXGroup;
			children = (
				D75B895B202AE33800118F22 /* LYPloginModel.h */,
				D75B895C202AE33800118F22 /* LYPloginModel.m */,
				D75B895E202AE39500118F22 /* LYPTokenModel.h */,
				D75B895F202AE39500118F22 /* LYPTokenModel.m */,
				D75B8961202AE3C900118F22 /* LYPErrorModel.h */,
				D75B8962202AE3C900118F22 /* LYPErrorModel.m */,
			);
			path = LoginModel;
			sourceTree = "<group>";
		};
		D75B8964202AE4B300118F22 /* DevieceListModel */ = {
			isa = PBXGroup;
			children = (
				D75B8965202AE4D400118F22 /* LYPDeviceListModel.h */,
				D75B8966202AE4D400118F22 /* LYPDeviceListModel.m */,
				D75B896A202AE70B00118F22 /* LYPDataListModel.h */,
				D75B896B202AE70B00118F22 /* LYPDataListModel.m */,
			);
			path = DevieceListModel;
			sourceTree = "<group>";
		};
		D768A59420294E4A00C8995D /* NetworkTool */ = {
			isa = PBXGroup;
			children = (
				D768A59520294E9800C8995D /* LYPLonginNetworkTool.h */,
				D768A59620294E9800C8995D /* LYPLonginNetworkTool.m */,
				D75B8957202AD5D300118F22 /* LYPListNeteworkTool.h */,
				D75B8958202AD5D300118F22 /* LYPListNeteworkTool.m */,
			);
			path = NetworkTool;
			sourceTree = "<group>";
		};
		D775BFD4202C2722009B5D55 /* Manager */ = {
			isa = PBXGroup;
			children = (
				D775BFD5202C2722009B5D55 /* icon.png */,
				D775BFD6202C2722009B5D55 /* map_history.png */,
				D775BFD7202C2722009B5D55 /* MapManager.h */,
				D775BFD8202C2722009B5D55 /* MapManager.m */,
				D775BFD9202C2722009B5D55 /* MoreMenuView */,
				D775BFDC202C2722009B5D55 /* SpeechSynthesizer */,
				D775BFDF202C2722009B5D55 /* 定位.png */,
				D775BFE0202C2722009B5D55 /* 目的地.png */,
				D775BFE1202C2722009B5D55 /* 首牛.png */,
			);
			path = Manager;
			sourceTree = "<group>";
		};
		D775BFD9202C2722009B5D55 /* MoreMenuView */ = {
			isa = PBXGroup;
			children = (
				D775BFDA202C2722009B5D55 /* MoreMenuView.h */,
				D775BFDB202C2722009B5D55 /* MoreMenuView.m */,
			);
			path = MoreMenuView;
			sourceTree = "<group>";
		};
		D775BFDC202C2722009B5D55 /* SpeechSynthesizer */ = {
			isa = PBXGroup;
			children = (
				D775BFDD202C2722009B5D55 /* SpeechSynthesizer.h */,
				D775BFDE202C2722009B5D55 /* SpeechSynthesizer.m */,
			);
			path = SpeechSynthesizer;
			sourceTree = "<group>";
		};
		D7772C0B2047D4BC00F80717 /* NSLog */ = {
			isa = PBXGroup;
			children = (
				D7772C0C2047D4DC00F80717 /* NSArray+LYPLog.h */,
				D7772C0D2047D4DC00F80717 /* NSArray+LYPLog.m */,
			);
			path = NSLog;
			sourceTree = "<group>";
		};
		D7772C0F2047D65400F80717 /* Tool */ = {
			isa = PBXGroup;
			children = (
				D7772C132047D77100F80717 /* Classes */,
				D7772C102047D71C00F80717 /* LYPSavePList.h */,
				D7772C112047D71C00F80717 /* LYPSavePList.m */,
			);
			path = Tool;
			sourceTree = "<group>";
		};
		D7772C132047D77100F80717 /* Classes */ = {
			isa = PBXGroup;
			children = (
				D7772C142047D77100F80717 /* XMGModel.h */,
				D7772C152047D77100F80717 /* XMGModel.m */,
				D7772C162047D77100F80717 /* XMGSqliteModelProtocol.h */,
				D7772C172047D77100F80717 /* XMGSqliteModelTool.h */,
				D7772C182047D77100F80717 /* XMGSqliteModelTool.m */,
				D7772C192047D77100F80717 /* XMGSqliteTool.h */,
				D7772C1A2047D77100F80717 /* XMGSqliteTool.m */,
				D7772C1B2047D77100F80717 /* XMGTable.h */,
				D7772C1C2047D77100F80717 /* XMGTable.m */,
			);
			path = Classes;
			sourceTree = "<group>";
		};
		D7772C232047FD5B00F80717 /* Login */ = {
			isa = PBXGroup;
			children = (
				D7772C242047FDA100F80717 /* LYPLoginVC.h */,
				D7772C252047FDA100F80717 /* LYPLoginVC.m */,
				D7772C272047FDC000F80717 /* LYPLoginVC.storyboard */,
				D787BDD42048EC8900FA4751 /* LYPRegisterVC.h */,
				D787BDD52048EC8900FA4751 /* LYPRegisterVC.m */,
			);
			path = Login;
			sourceTree = "<group>";
		};
		D78DEAD51FFF686C0093AC6C /* sdk */ = {
			isa = PBXGroup;
			children = (
				D78DEAD61FFF686C0093AC6C /* idfa */,
				D78DEAD81FFF686C0093AC6C /* libXG-SDK.a */,
				D78DEAD91FFF686C0093AC6C /* ReleaseNotes.txt */,
				D78DEADA1FFF686C0093AC6C /* XGPush.h */,
			);
			path = sdk;
			sourceTree = "<group>";
		};
		D78DEAD61FFF686C0093AC6C /* idfa */ = {
			isa = PBXGroup;
			children = (
				D78DEAD71FFF686C0093AC6C /* libxgidfa.a */,
			);
			path = idfa;
			sourceTree = "<group>";
		};
		E4F1A12B563DF3541C8AFEC4 /* Frameworks */ = {
			isa = PBXGroup;
			children = (
				D78DEAE51FFF71070093AC6C /* libsqlite3.0.tbd */,
				D78DEAE31FFF68F00093AC6C /* SystemConfiguration.framework */,
				D78DEAE11FFF68E70093AC6C /* CoreTelephony.framework */,
				D78DEADF1FFF68DE0093AC6C /* UserNotifications.framework */,
				D7A7D0861FE90AFC008D8C5A /* MapKit.framework */,
				93A8B5C5573F809126DC21C1 /* libPods-YPSharingCarton.a */,
				C1F0416F96AE872D5D9D1A9C /* libPods-YPSharingCartonTests.a */,
				D9FD82D891C110CDEDA3698D /* libPods-YPSharingCartonUITests.a */,
			);
			name = Frameworks;
			sourceTree = "<group>";
		};
/* End PBXGroup section */

/* Begin PBXNativeTarget section */
		D73E81911FE76093003C6DA9 /* YPSharingCarton */ = {
			isa = PBXNativeTarget;
			buildConfigurationList = D73E81BE1FE76093003C6DA9 /* Build configuration list for PBXNativeTarget "YPSharingCarton" */;
			buildPhases = (
				FB0B46E76AC0AE2E5149BD49 /* [CP] Check Pods Manifest.lock */,
				D73E818E1FE76093003C6DA9 /* Sources */,
				D73E818F1FE76093003C6DA9 /* Frameworks */,
				D73E81901FE76093003C6DA9 /* Resources */,
				1CC292D644D9652159553E0D /* [CP] Embed Pods Frameworks */,
				383175F2E8E2D24586527EF5 /* [CP] Copy Pods Resources */,
			);
			buildRules = (
			);
			dependencies = (
			);
			name = YPSharingCarton;
			productName = YPSharingCarton;
			productReference = D73E81921FE76093003C6DA9 /* YPSharingCarton.app */;
			productType = "com.apple.product-type.application";
		};
		D73E81A91FE76093003C6DA9 /* YPSharingCartonTests */ = {
			isa = PBXNativeTarget;
			buildConfigurationList = D73E81C11FE76093003C6DA9 /* Build configuration list for PBXNativeTarget "YPSharingCartonTests" */;
			buildPhases = (
				F53BE6164A42699CA230C1D8 /* [CP] Check Pods Manifest.lock */,
				D73E81A61FE76093003C6DA9 /* Sources */,
				D73E81A71FE76093003C6DA9 /* Frameworks */,
				D73E81A81FE76093003C6DA9 /* Resources */,
				991585A6834F92D4E131F16D /* [CP] Embed Pods Frameworks */,
				A9B29C61F95586DBB1896337 /* [CP] Copy Pods Resources */,
			);
			buildRules = (
			);
			dependencies = (
				D73E81AC1FE76093003C6DA9 /* PBXTargetDependency */,
			);
			name = YPSharingCartonTests;
			productName = YPSharingCartonTests;
			productReference = D73E81AA1FE76093003C6DA9 /* YPSharingCartonTests.xctest */;
			productType = "com.apple.product-type.bundle.unit-test";
		};
		D73E81B41FE76093003C6DA9 /* YPSharingCartonUITests */ = {
			isa = PBXNativeTarget;
			buildConfigurationList = D73E81C41FE76093003C6DA9 /* Build configuration list for PBXNativeTarget "YPSharingCartonUITests" */;
			buildPhases = (
				ECB3AA0A4298B4EF2D0D3320 /* [CP] Check Pods Manifest.lock */,
				D73E81B11FE76093003C6DA9 /* Sources */,
				D73E81B21FE76093003C6DA9 /* Frameworks */,
				D73E81B31FE76093003C6DA9 /* Resources */,
				3CFEC733C508F3AF7E0D8434 /* [CP] Embed Pods Frameworks */,
				1AE65C1D6DD5D0C050B5B442 /* [CP] Copy Pods Resources */,
			);
			buildRules = (
			);
			dependencies = (
				D73E81B71FE76093003C6DA9 /* PBXTargetDependency */,
			);
			name = YPSharingCartonUITests;
			productName = YPSharingCartonUITests;
			productReference = D73E81B51FE76093003C6DA9 /* YPSharingCartonUITests.xctest */;
			productType = "com.apple.product-type.bundle.ui-testing";
		};
/* End PBXNativeTarget section */

/* Begin PBXProject section */
		D73E818A1FE76092003C6DA9 /* Project object */ = {
			isa = PBXProject;
			attributes = {
				CLASSPREFIX = LYP;
				LastUpgradeCheck = 0920;
				ORGANIZATIONNAME = laiyongpeng;
				TargetAttributes = {
					D73E81911FE76093003C6DA9 = {
						CreatedOnToolsVersion = 9.2;
						ProvisioningStyle = Automatic;
						SystemCapabilities = {
							com.apple.BackgroundModes = {
								enabled = 1;
							};
							com.apple.Maps.iOS = {
								enabled = 1;
							};
							com.apple.Push = {
								enabled = 1;
							};
						};
					};
					D73E81A91FE76093003C6DA9 = {
						CreatedOnToolsVersion = 9.2;
						ProvisioningStyle = Automatic;
						TestTargetID = D73E81911FE76093003C6DA9;
					};
					D73E81B41FE76093003C6DA9 = {
						CreatedOnToolsVersion = 9.2;
						ProvisioningStyle = Automatic;
						TestTargetID = D73E81911FE76093003C6DA9;
					};
				};
			};
			buildConfigurationList = D73E818D1FE76092003C6DA9 /* Build configuration list for PBXProject "YPSharingCarton" */;
			compatibilityVersion = "Xcode 8.0";
			developmentRegion = en;
			hasScannedForEncodings = 0;
			knownRegions = (
				en,
				Base,
			);
			mainGroup = D73E81891FE76092003C6DA9;
			productRefGroup = D73E81931FE76093003C6DA9 /* Products */;
			projectDirPath = "";
			projectRoot = "";
			targets = (
				D73E81911FE76093003C6DA9 /* YPSharingCarton */,
				D73E81A91FE76093003C6DA9 /* YPSharingCartonTests */,
				D73E81B41FE76093003C6DA9 /* YPSharingCartonUITests */,
			);
		};
/* End PBXProject section */

/* Begin PBXResourcesBuildPhase section */
		D73E81901FE76093003C6DA9 /* Resources */ = {
			isa = PBXResourcesBuildPhase;
			buildActionMask = 2147483647;
			files = (
				D78DEADD1FFF686C0093AC6C /* ReleaseNotes.txt in Resources */,
				D775BFE2202C2722009B5D55 /* icon.png in Resources */,
				D768E53C1FEA3DA5003224AB /* LYPPersonCycTableViewCell.xib in Resources */,
				D73E819F1FE76093003C6DA9 /* Assets.xcassets in Resources */,
				D775BFE8202C2722009B5D55 /* 目的地.png in Resources */,
				D7772C282047FDC000F80717 /* LYPLoginVC.storyboard in Resources */,
				D775BFE9202C2722009B5D55 /* 首牛.png in Resources */,
				D760982D1FEBAB3E0020152C /* LYPServiceV.xib in Resources */,
				D775BFE7202C2722009B5D55 /* 定位.png in Resources */,
				D775BFE3202C2722009B5D55 /* map_history.png in Resources */,
			);
			runOnlyForDeploymentPostprocessing = 0;
		};
		D73E81A81FE76093003C6DA9 /* Resources */ = {
			isa = PBXResourcesBuildPhase;
			buildActionMask = 2147483647;
			files = (
			);
			runOnlyForDeploymentPostprocessing = 0;
		};
		D73E81B31FE76093003C6DA9 /* Resources */ = {
			isa = PBXResourcesBuildPhase;
			buildActionMask = 2147483647;
			files = (
			);
			runOnlyForDeploymentPostprocessing = 0;
		};
/* End PBXResourcesBuildPhase section */

/* Begin PBXShellScriptBuildPhase section */
		1AE65C1D6DD5D0C050B5B442 /* [CP] Copy Pods Resources */ = {
			isa = PBXShellScriptBuildPhase;
			buildActionMask = 2147483647;
			files = (
			);
			inputPaths = (
			);
			name = "[CP] Copy Pods Resources";
			outputPaths = (
			);
			runOnlyForDeploymentPostprocessing = 0;
			shellPath = /bin/sh;
			shellScript = "\"${SRCROOT}/Pods/Target Support Files/Pods-YPSharingCartonUITests/Pods-YPSharingCartonUITests-resources.sh\"\n";
			showEnvVarsInLog = 0;
		};
		1CC292D644D9652159553E0D /* [CP] Embed Pods Frameworks */ = {
			isa = PBXShellScriptBuildPhase;
			buildActionMask = 2147483647;
			files = (
			);
			inputPaths = (
			);
			name = "[CP] Embed Pods Frameworks";
			outputPaths = (
			);
			runOnlyForDeploymentPostprocessing = 0;
			shellPath = /bin/sh;
			shellScript = "\"${SRCROOT}/Pods/Target Support Files/Pods-YPSharingCarton/Pods-YPSharingCarton-frameworks.sh\"\n";
			showEnvVarsInLog = 0;
		};
		383175F2E8E2D24586527EF5 /* [CP] Copy Pods Resources */ = {
			isa = PBXShellScriptBuildPhase;
			buildActionMask = 2147483647;
			files = (
			);
			inputPaths = (
				"${SRCROOT}/Pods/Target Support Files/Pods-YPSharingCarton/Pods-YPSharingCarton-resources.sh",
				"${PODS_ROOT}/AMap3DMap/MAMapKit.framework/AMap.bundle",
				"${PODS_ROOT}/AMapNavi/AMapNaviKit.framework/AMapNavi.bundle",
				"${PODS_ROOT}/SVProgressHUD/SVProgressHUD/SVProgressHUD.bundle",
			);
			name = "[CP] Copy Pods Resources";
			outputPaths = (
				"${TARGET_BUILD_DIR}/${UNLOCALIZED_RESOURCES_FOLDER_PATH}",
			);
			runOnlyForDeploymentPostprocessing = 0;
			shellPath = /bin/sh;
			shellScript = "\"${SRCROOT}/Pods/Target Support Files/Pods-YPSharingCarton/Pods-YPSharingCarton-resources.sh\"\n";
			showEnvVarsInLog = 0;
		};
		3CFEC733C508F3AF7E0D8434 /* [CP] Embed Pods Frameworks */ = {
			isa = PBXShellScriptBuildPhase;
			buildActionMask = 2147483647;
			files = (
			);
			inputPaths = (
			);
			name = "[CP] Embed Pods Frameworks";
			outputPaths = (
			);
			runOnlyForDeploymentPostprocessing = 0;
			shellPath = /bin/sh;
			shellScript = "\"${SRCROOT}/Pods/Target Support Files/Pods-YPSharingCartonUITests/Pods-YPSharingCartonUITests-frameworks.sh\"\n";
			showEnvVarsInLog = 0;
		};
		991585A6834F92D4E131F16D /* [CP] Embed Pods Frameworks */ = {
			isa = PBXShellScriptBuildPhase;
			buildActionMask = 2147483647;
			files = (
			);
			inputPaths = (
			);
			name = "[CP] Embed Pods Frameworks";
			outputPaths = (
			);
			runOnlyForDeploymentPostprocessing = 0;
			shellPath = /bin/sh;
			shellScript = "\"${SRCROOT}/Pods/Target Support Files/Pods-YPSharingCartonTests/Pods-YPSharingCartonTests-frameworks.sh\"\n";
			showEnvVarsInLog = 0;
		};
		A9B29C61F95586DBB1896337 /* [CP] Copy Pods Resources */ = {
			isa = PBXShellScriptBuildPhase;
			buildActionMask = 2147483647;
			files = (
			);
			inputPaths = (
			);
			name = "[CP] Copy Pods Resources";
			outputPaths = (
			);
			runOnlyForDeploymentPostprocessing = 0;
			shellPath = /bin/sh;
			shellScript = "\"${SRCROOT}/Pods/Target Support Files/Pods-YPSharingCartonTests/Pods-YPSharingCartonTests-resources.sh\"\n";
			showEnvVarsInLog = 0;
		};
		ECB3AA0A4298B4EF2D0D3320 /* [CP] Check Pods Manifest.lock */ = {
			isa = PBXShellScriptBuildPhase;
			buildActionMask = 2147483647;
			files = (
			);
			inputPaths = (
				"${PODS_PODFILE_DIR_PATH}/Podfile.lock",
				"${PODS_ROOT}/Manifest.lock",
			);
			name = "[CP] Check Pods Manifest.lock";
			outputPaths = (
				"$(DERIVED_FILE_DIR)/Pods-YPSharingCartonUITests-checkManifestLockResult.txt",
			);
			runOnlyForDeploymentPostprocessing = 0;
			shellPath = /bin/sh;
			shellScript = "diff \"${PODS_PODFILE_DIR_PATH}/Podfile.lock\" \"${PODS_ROOT}/Manifest.lock\" > /dev/null\nif [ $? != 0 ] ; then\n    # print error to STDERR\n    echo \"error: The sandbox is not in sync with the Podfile.lock. Run 'pod install' or update your CocoaPods installation.\" >&2\n    exit 1\nfi\n# This output is used by Xcode 'outputs' to avoid re-running this script phase.\necho \"SUCCESS\" > \"${SCRIPT_OUTPUT_FILE_0}\"\n";
			showEnvVarsInLog = 0;
		};
		F53BE6164A42699CA230C1D8 /* [CP] Check Pods Manifest.lock */ = {
			isa = PBXShellScriptBuildPhase;
			buildActionMask = 2147483647;
			files = (
			);
			inputPaths = (
				"${PODS_PODFILE_DIR_PATH}/Podfile.lock",
				"${PODS_ROOT}/Manifest.lock",
			);
			name = "[CP] Check Pods Manifest.lock";
			outputPaths = (
				"$(DERIVED_FILE_DIR)/Pods-YPSharingCartonTests-checkManifestLockResult.txt",
			);
			runOnlyForDeploymentPostprocessing = 0;
			shellPath = /bin/sh;
			shellScript = "diff \"${PODS_PODFILE_DIR_PATH}/Podfile.lock\" \"${PODS_ROOT}/Manifest.lock\" > /dev/null\nif [ $? != 0 ] ; then\n    # print error to STDERR\n    echo \"error: The sandbox is not in sync with the Podfile.lock. Run 'pod install' or update your CocoaPods installation.\" >&2\n    exit 1\nfi\n# This output is used by Xcode 'outputs' to avoid re-running this script phase.\necho \"SUCCESS\" > \"${SCRIPT_OUTPUT_FILE_0}\"\n";
			showEnvVarsInLog = 0;
		};
		FB0B46E76AC0AE2E5149BD49 /* [CP] Check Pods Manifest.lock */ = {
			isa = PBXShellScriptBuildPhase;
			buildActionMask = 2147483647;
			files = (
			);
			inputPaths = (
				"${PODS_PODFILE_DIR_PATH}/Podfile.lock",
				"${PODS_ROOT}/Manifest.lock",
			);
			name = "[CP] Check Pods Manifest.lock";
			outputPaths = (
				"$(DERIVED_FILE_DIR)/Pods-YPSharingCarton-checkManifestLockResult.txt",
			);
			runOnlyForDeploymentPostprocessing = 0;
			shellPath = /bin/sh;
			shellScript = "diff \"${PODS_PODFILE_DIR_PATH}/Podfile.lock\" \"${PODS_ROOT}/Manifest.lock\" > /dev/null\nif [ $? != 0 ] ; then\n    # print error to STDERR\n    echo \"error: The sandbox is not in sync with the Podfile.lock. Run 'pod install' or update your CocoaPods installation.\" >&2\n    exit 1\nfi\n# This output is used by Xcode 'outputs' to avoid re-running this script phase.\necho \"SUCCESS\" > \"${SCRIPT_OUTPUT_FILE_0}\"\n";
			showEnvVarsInLog = 0;
		};
/* End PBXShellScriptBuildPhase section */

/* Begin PBXSourcesBuildPhase section */
		D73E818E1FE76093003C6DA9 /* Sources */ = {
			isa = PBXSourcesBuildPhase;
			buildActionMask = 2147483647;
			files = (
				D75B8963202AE3C900118F22 /* LYPErrorModel.m in Sources */,
				D76098251FEB983B0020152C /* LYPCustomButton.m in Sources */,
				D76098171FEB520E0020152C /* LYPPromptView.m in Sources */,
				D73E81DB1FE7685F003C6DA9 /* UIImage+Extention.m in Sources */,
				D73E81E01FE769E9003C6DA9 /* KKNavController.m in Sources */,
				D76098301FEBB0250020152C /* LYPServiceViewController.m in Sources */,
				D7772C1F2047D77100F80717 /* XMGSqliteTool.m in Sources */,
				D768E53F1FEA4CA9003224AB /* LYPPersonTableViewCell.m in Sources */,
				D787BDD62048EC8900FA4751 /* LYPRegisterVC.m in Sources */,
				D7772C262047FDA100F80717 /* LYPLoginVC.m in Sources */,
				D7772C1E2047D77100F80717 /* XMGSqliteModelTool.m in Sources */,
				D73E819A1FE76093003C6DA9 /* ViewController.m in Sources */,
				D768A59720294E9800C8995D /* LYPLonginNetworkTool.m in Sources */,
				D75B896C202AE70B00118F22 /* LYPDataListModel.m in Sources */,
				D76098281FEB9B500020152C /* LYPFatherViewController.m in Sources */,
				D75B8967202AE4D400118F22 /* LYPDeviceListModel.m in Sources */,
				D75B895D202AE33800118F22 /* LYPloginModel.m in Sources */,
				D75B8960202AE39500118F22 /* LYPTokenModel.m in Sources */,
				D76098221FEB969E0020152C /* LYPScanViewController.m in Sources */,
				D765FA652005F3BB0028D8EB /* LYPQRCodeResultVC.m in Sources */,
				D73E81CD1FE76208003C6DA9 /* KKAnimateViewController.m in Sources */,
				D73E81CC1FE76208003C6DA9 /* KKSliderMenuTool.m in Sources */,
				D7772C122047D71C00F80717 /* LYPSavePList.m in Sources */,
				D73E81EE1FE76F11003C6DA9 /* LYPMessageMainVC.m in Sources */,
				D7A7D0831FE905B8008D8C5A /* LYPMapViewController.m in Sources */,
				D765FA622005E5470028D8EB /* UpAndLowerButtonPlace.m in Sources */,
				D7772C1D2047D77100F80717 /* XMGModel.m in Sources */,
				D768E5351FEA13C4003224AB /* LYPPersonHeadView.m in Sources */,
				D7772C202047D77100F80717 /* XMGTable.m in Sources */,
				D73E81DA1FE7685F003C6DA9 /* UIView+Extension.m in Sources */,
				D73E81D21FE76275003C6DA9 /* LYPMainViewController.m in Sources */,
				D73E81EB1FE76E39003C6DA9 /* LYPPersonMainVC.m in Sources */,
				D775BFE4202C2722009B5D55 /* MapManager.m in Sources */,
				D775BFE6202C2722009B5D55 /* SpeechSynthesizer.m in Sources */,
				D775BFE5202C2722009B5D55 /* MoreMenuView.m in Sources */,
				D79668D2204536DB00067697 /* StringEXtension.m in Sources */,
				D768E53A1FEA3D03003224AB /* LYPPersonCycTableViewCell.m in Sources */,
				D760982B1FEBAB270020152C /* LYPServiceV.m in Sources */,
				D73E81DC1FE7685F003C6DA9 /* UIBarButtonItem+Extension.m in Sources */,
				D73E81A51FE76093003C6DA9 /* main.m in Sources */,
				D76329CF20181EA500B55EFE /* LYPUserSingle.m in Sources */,
				D75B8959202AD5D300118F22 /* LYPListNeteworkTool.m in Sources */,
				D73E81971FE76093003C6DA9 /* AppDelegate.m in Sources */,
			);
			runOnlyForDeploymentPostprocessing = 0;
		};
		D73E81A61FE76093003C6DA9 /* Sources */ = {
			isa = PBXSourcesBuildPhase;
			buildActionMask = 2147483647;
			files = (
				D73E81AF1FE76093003C6DA9 /* YPSharingCartonTests.m in Sources */,
				D7772C0E2047D4DC00F80717 /* NSArray+LYPLog.m in Sources */,
				D75B894C202AA21300118F22 /* Foundation+Log.m in Sources */,
			);
			runOnlyForDeploymentPostprocessing = 0;
		};
		D73E81B11FE76093003C6DA9 /* Sources */ = {
			isa = PBXSourcesBuildPhase;
			buildActionMask = 2147483647;
			files = (
				D73E81BA1FE76093003C6DA9 /* YPSharingCartonUITests.m in Sources */,
			);
			runOnlyForDeploymentPostprocessing = 0;
		};
/* End PBXSourcesBuildPhase section */

/* Begin PBXTargetDependency section */
		D73E81AC1FE76093003C6DA9 /* PBXTargetDependency */ = {
			isa = PBXTargetDependency;
			target = D73E81911FE76093003C6DA9 /* YPSharingCarton */;
			targetProxy = D73E81AB1FE76093003C6DA9 /* PBXContainerItemProxy */;
		};
		D73E81B71FE76093003C6DA9 /* PBXTargetDependency */ = {
			isa = PBXTargetDependency;
			target = D73E81911FE76093003C6DA9 /* YPSharingCarton */;
			targetProxy = D73E81B61FE76093003C6DA9 /* PBXContainerItemProxy */;
		};
/* End PBXTargetDependency section */

/* Begin XCBuildConfiguration section */
		D73E81BC1FE76093003C6DA9 /* Debug */ = {
			isa = XCBuildConfiguration;
			buildSettings = {
				ALWAYS_SEARCH_USER_PATHS = NO;
				CLANG_ANALYZER_NONNULL = YES;
				CLANG_ANALYZER_NUMBER_OBJECT_CONVERSION = YES_AGGRESSIVE;
				CLANG_CXX_LANGUAGE_STANDARD = "gnu++14";
				CLANG_CXX_LIBRARY = "libc++";
				CLANG_ENABLE_MODULES = YES;
				CLANG_ENABLE_OBJC_ARC = YES;
				CLANG_WARN_BLOCK_CAPTURE_AUTORELEASING = YES;
				CLANG_WARN_BOOL_CONVERSION = YES;
				CLANG_WARN_COMMA = YES;
				CLANG_WARN_CONSTANT_CONVERSION = YES;
				CLANG_WARN_DIRECT_OBJC_ISA_USAGE = YES_ERROR;
				CLANG_WARN_DOCUMENTATION_COMMENTS = YES;
				CLANG_WARN_EMPTY_BODY = YES;
				CLANG_WARN_ENUM_CONVERSION = YES;
				CLANG_WARN_INFINITE_RECURSION = YES;
				CLANG_WARN_INT_CONVERSION = YES;
				CLANG_WARN_NON_LITERAL_NULL_CONVERSION = YES;
				CLANG_WARN_OBJC_LITERAL_CONVERSION = YES;
				CLANG_WARN_OBJC_ROOT_CLASS = YES_ERROR;
				CLANG_WARN_RANGE_LOOP_ANALYSIS = YES;
				CLANG_WARN_STRICT_PROTOTYPES = YES;
				CLANG_WARN_SUSPICIOUS_MOVE = YES;
				CLANG_WARN_UNGUARDED_AVAILABILITY = YES_AGGRESSIVE;
				CLANG_WARN_UNREACHABLE_CODE = YES;
				CLANG_WARN__DUPLICATE_METHOD_MATCH = YES;
				CODE_SIGN_IDENTITY = "iPhone Developer";
				COPY_PHASE_STRIP = NO;
				DEBUG_INFORMATION_FORMAT = dwarf;
				ENABLE_STRICT_OBJC_MSGSEND = YES;
				ENABLE_TESTABILITY = YES;
				GCC_C_LANGUAGE_STANDARD = gnu11;
				GCC_DYNAMIC_NO_PIC = NO;
				GCC_NO_COMMON_BLOCKS = YES;
				GCC_OPTIMIZATION_LEVEL = 0;
				GCC_PREPROCESSOR_DEFINITIONS = (
					"DEBUG=1",
					"$(inherited)",
				);
				GCC_WARN_64_TO_32_BIT_CONVERSION = YES;
				GCC_WARN_ABOUT_RETURN_TYPE = YES_ERROR;
				GCC_WARN_UNDECLARED_SELECTOR = YES;
				GCC_WARN_UNINITIALIZED_AUTOS = YES_AGGRESSIVE;
				GCC_WARN_UNUSED_FUNCTION = YES;
				GCC_WARN_UNUSED_VARIABLE = YES;
				IPHONEOS_DEPLOYMENT_TARGET = 8.0;
				MTL_ENABLE_DEBUG_INFO = YES;
				ONLY_ACTIVE_ARCH = YES;
				SDKROOT = iphoneos;
			};
			name = Debug;
		};
		D73E81BD1FE76093003C6DA9 /* Release */ = {
			isa = XCBuildConfiguration;
			buildSettings = {
				ALWAYS_SEARCH_USER_PATHS = NO;
				CLANG_ANALYZER_NONNULL = YES;
				CLANG_ANALYZER_NUMBER_OBJECT_CONVERSION = YES_AGGRESSIVE;
				CLANG_CXX_LANGUAGE_STANDARD = "gnu++14";
				CLANG_CXX_LIBRARY = "libc++";
				CLANG_ENABLE_MODULES = YES;
				CLANG_ENABLE_OBJC_ARC = YES;
				CLANG_WARN_BLOCK_CAPTURE_AUTORELEASING = YES;
				CLANG_WARN_BOOL_CONVERSION = YES;
				CLANG_WARN_COMMA = YES;
				CLANG_WARN_CONSTANT_CONVERSION = YES;
				CLANG_WARN_DIRECT_OBJC_ISA_USAGE = YES_ERROR;
				CLANG_WARN_DOCUMENTATION_COMMENTS = YES;
				CLANG_WARN_EMPTY_BODY = YES;
				CLANG_WARN_ENUM_CONVERSION = YES;
				CLANG_WARN_INFINITE_RECURSION = YES;
				CLANG_WARN_INT_CONVERSION = YES;
				CLANG_WARN_NON_LITERAL_NULL_CONVERSION = YES;
				CLANG_WARN_OBJC_LITERAL_CONVERSION = YES;
				CLANG_WARN_OBJC_ROOT_CLASS = YES_ERROR;
				CLANG_WARN_RANGE_LOOP_ANALYSIS = YES;
				CLANG_WARN_STRICT_PROTOTYPES = YES;
				CLANG_WARN_SUSPICIOUS_MOVE = YES;
				CLANG_WARN_UNGUARDED_AVAILABILITY = YES_AGGRESSIVE;
				CLANG_WARN_UNREACHABLE_CODE = YES;
				CLANG_WARN__DUPLICATE_METHOD_MATCH = YES;
				CODE_SIGN_IDENTITY = "iPhone Developer";
				COPY_PHASE_STRIP = NO;
				DEBUG_INFORMATION_FORMAT = "dwarf-with-dsym";
				ENABLE_NS_ASSERTIONS = NO;
				ENABLE_STRICT_OBJC_MSGSEND = YES;
				GCC_C_LANGUAGE_STANDARD = gnu11;
				GCC_NO_COMMON_BLOCKS = YES;
				GCC_WARN_64_TO_32_BIT_CONVERSION = YES;
				GCC_WARN_ABOUT_RETURN_TYPE = YES_ERROR;
				GCC_WARN_UNDECLARED_SELECTOR = YES;
				GCC_WARN_UNINITIALIZED_AUTOS = YES_AGGRESSIVE;
				GCC_WARN_UNUSED_FUNCTION = YES;
				GCC_WARN_UNUSED_VARIABLE = YES;
				IPHONEOS_DEPLOYMENT_TARGET = 8.0;
				MTL_ENABLE_DEBUG_INFO = NO;
				SDKROOT = iphoneos;
				VALIDATE_PRODUCT = YES;
			};
			name = Release;
		};
		D73E81BF1FE76093003C6DA9 /* Debug */ = {
			isa = XCBuildConfiguration;
			baseConfigurationReference = 0F061F624562ADB6750888E9 /* Pods-YPSharingCarton.debug.xcconfig */;
			buildSettings = {
				ASSETCATALOG_COMPILER_APPICON_NAME = AppIcon;
				ASSETCATALOG_COMPILER_LAUNCHIMAGE_NAME = LaunchImage;
				CODE_SIGN_ENTITLEMENTS = YPSharingCarton/YPSharingCarton.entitlements;
				"CODE_SIGN_IDENTITY[sdk=iphoneos*]" = "iPhone Developer";
				CODE_SIGN_STYLE = Automatic;
				DEVELOPMENT_TEAM = 96EWSQNWMS;
				GCC_PREFIX_HEADER = "$(SRCROOT)/YPSharingCarton/PrefixHeader.pch";
				HEADER_SEARCH_PATHS = (
					"$(SRCROOT)",
					"$(PROJECT_DIR)",
					"\"$(SRCROOT)/YPSharingCarton/PrefixHeader.pch\"",
				);
				INFOPLIST_FILE = YPSharingCarton/Info.plist;
				IPHONEOS_DEPLOYMENT_TARGET = 9.0;
				LD_RUNPATH_SEARCH_PATHS = "$(inherited) @executable_path/Frameworks";
				LIBRARY_SEARCH_PATHS = (
					"$(inherited)",
					"$(PROJECT_DIR)/YPSharingCarton/sdk/idfa",
					"$(PROJECT_DIR)/YPSharingCarton/sdk",
				);
				PRODUCT_BUNDLE_IDENTIFIER = cn.iclassmate.YPSharingCarton;
				PRODUCT_NAME = "$(TARGET_NAME)";
				PROVISIONING_PROFILE = "";
				PROVISIONING_PROFILE_SPECIFIER = "";
				TARGETED_DEVICE_FAMILY = "1,2";
				USER_HEADER_SEARCH_PATHS = "$(SRCROOT)";
			};
			name = Debug;
		};
		D73E81C01FE76093003C6DA9 /* Release */ = {
			isa = XCBuildConfiguration;
			baseConfigurationReference = BB28DF9826390992DDA1880B /* Pods-YPSharingCarton.release.xcconfig */;
			buildSettings = {
				ASSETCATALOG_COMPILER_APPICON_NAME = AppIcon;
				ASSETCATALOG_COMPILER_LAUNCHIMAGE_NAME = LaunchImage;
				CODE_SIGN_ENTITLEMENTS = YPSharingCarton/YPSharingCarton.entitlements;
				"CODE_SIGN_IDENTITY[sdk=iphoneos*]" = "iPhone Developer";
				CODE_SIGN_STYLE = Automatic;
				DEVELOPMENT_TEAM = 96EWSQNWMS;
				GCC_PREFIX_HEADER = "$(SRCROOT)/YPSharingCarton/PrefixHeader.pch";
				HEADER_SEARCH_PATHS = (
					"$(SRCROOT)",
					"$(PROJECT_DIR)",
					"\"$(SRCROOT)/YPSharingCarton/PrefixHeader.pch\"",
				);
				INFOPLIST_FILE = YPSharingCarton/Info.plist;
				IPHONEOS_DEPLOYMENT_TARGET = 9.0;
				LD_RUNPATH_SEARCH_PATHS = "$(inherited) @executable_path/Frameworks";
				LIBRARY_SEARCH_PATHS = (
					"$(inherited)",
					"$(PROJECT_DIR)/YPSharingCarton/sdk/idfa",
					"$(PROJECT_DIR)/YPSharingCarton/sdk",
				);
				PRODUCT_BUNDLE_IDENTIFIER = cn.iclassmate.YPSharingCarton;
				PRODUCT_NAME = "$(TARGET_NAME)";
				PROVISIONING_PROFILE = "";
				PROVISIONING_PROFILE_SPECIFIER = "";
				TARGETED_DEVICE_FAMILY = "1,2";
				USER_HEADER_SEARCH_PATHS = "$(SRCROOT)";
			};
			name = Release;
		};
		D73E81C21FE76093003C6DA9 /* Debug */ = {
			isa = XCBuildConfiguration;
			baseConfigurationReference = 1A4EE297D2339F4323A58F9A /* Pods-YPSharingCartonTests.debug.xcconfig */;
			buildSettings = {
				BUNDLE_LOADER = "$(TEST_HOST)";
				CODE_SIGN_STYLE = Automatic;
				DEVELOPMENT_TEAM = DN43523GZM;
				INFOPLIST_FILE = YPSharingCartonTests/Info.plist;
				LD_RUNPATH_SEARCH_PATHS = "$(inherited) @executable_path/Frameworks @loader_path/Frameworks";
				PRODUCT_BUNDLE_IDENTIFIER = animal.YPSharingCartonTests;
				PRODUCT_NAME = "$(TARGET_NAME)";
				TARGETED_DEVICE_FAMILY = "1,2";
				TEST_HOST = "$(BUILT_PRODUCTS_DIR)/YPSharingCarton.app/YPSharingCarton";
			};
			name = Debug;
		};
		D73E81C31FE76093003C6DA9 /* Release */ = {
			isa = XCBuildConfiguration;
			baseConfigurationReference = 1047714ECF1DE7D4D0CD8C1E /* Pods-YPSharingCartonTests.release.xcconfig */;
			buildSettings = {
				BUNDLE_LOADER = "$(TEST_HOST)";
				CODE_SIGN_STYLE = Automatic;
				DEVELOPMENT_TEAM = DN43523GZM;
				INFOPLIST_FILE = YPSharingCartonTests/Info.plist;
				LD_RUNPATH_SEARCH_PATHS = "$(inherited) @executable_path/Frameworks @loader_path/Frameworks";
				PRODUCT_BUNDLE_IDENTIFIER = animal.YPSharingCartonTests;
				PRODUCT_NAME = "$(TARGET_NAME)";
				TARGETED_DEVICE_FAMILY = "1,2";
				TEST_HOST = "$(BUILT_PRODUCTS_DIR)/YPSharingCarton.app/YPSharingCarton";
			};
			name = Release;
		};
		D73E81C51FE76093003C6DA9 /* Debug */ = {
			isa = XCBuildConfiguration;
			baseConfigurationReference = 0D7D17CF9A8EBD84D287741D /* Pods-YPSharingCartonUITests.debug.xcconfig */;
			buildSettings = {
				CODE_SIGN_STYLE = Automatic;
				DEVELOPMENT_TEAM = DN43523GZM;
				INFOPLIST_FILE = YPSharingCartonUITests/Info.plist;
				LD_RUNPATH_SEARCH_PATHS = "$(inherited) @executable_path/Frameworks @loader_path/Frameworks";
				PRODUCT_BUNDLE_IDENTIFIER = animal.YPSharingCartonUITests;
				PRODUCT_NAME = "$(TARGET_NAME)";
				TARGETED_DEVICE_FAMILY = "1,2";
				TEST_TARGET_NAME = YPSharingCarton;
			};
			name = Debug;
		};
		D73E81C61FE76093003C6DA9 /* Release */ = {
			isa = XCBuildConfiguration;
			baseConfigurationReference = 33DDC4036BB93F6317A542ED /* Pods-YPSharingCartonUITests.release.xcconfig */;
			buildSettings = {
				CODE_SIGN_STYLE = Automatic;
				DEVELOPMENT_TEAM = DN43523GZM;
				INFOPLIST_FILE = YPSharingCartonUITests/Info.plist;
				LD_RUNPATH_SEARCH_PATHS = "$(inherited) @executable_path/Frameworks @loader_path/Frameworks";
				PRODUCT_BUNDLE_IDENTIFIER = animal.YPSharingCartonUITests;
				PRODUCT_NAME = "$(TARGET_NAME)";
				TARGETED_DEVICE_FAMILY = "1,2";
				TEST_TARGET_NAME = YPSharingCarton;
			};
			name = Release;
		};
/* End XCBuildConfiguration section */

/* Begin XCConfigurationList section */
		D73E818D1FE76092003C6DA9 /* Build configuration list for PBXProject "YPSharingCarton" */ = {
			isa = XCConfigurationList;
			buildConfigurations = (
				D73E81BC1FE76093003C6DA9 /* Debug */,
				D73E81BD1FE76093003C6DA9 /* Release */,
			);
			defaultConfigurationIsVisible = 0;
			defaultConfigurationName = Release;
		};
		D73E81BE1FE76093003C6DA9 /* Build configuration list for PBXNativeTarget "YPSharingCarton" */ = {
			isa = XCConfigurationList;
			buildConfigurations = (
				D73E81BF1FE76093003C6DA9 /* Debug */,
				D73E81C01FE76093003C6DA9 /* Release */,
			);
			defaultConfigurationIsVisible = 0;
			defaultConfigurationName = Release;
		};
		D73E81C11FE76093003C6DA9 /* Build configuration list for PBXNativeTarget "YPSharingCartonTests" */ = {
			isa = XCConfigurationList;
			buildConfigurations = (
				D73E81C21FE76093003C6DA9 /* Debug */,
				D73E81C31FE76093003C6DA9 /* Release */,
			);
			defaultConfigurationIsVisible = 0;
			defaultConfigurationName = Release;
		};
		D73E81C41FE76093003C6DA9 /* Build configuration list for PBXNativeTarget "YPSharingCartonUITests" */ = {
			isa = XCConfigurationList;
			buildConfigurations = (
				D73E81C51FE76093003C6DA9 /* Debug */,
				D73E81C61FE76093003C6DA9 /* Release */,
			);
			defaultConfigurationIsVisible = 0;
			defaultConfigurationName = Release;
		};
/* End XCConfigurationList section */
	};
	rootObject = D73E818A1FE76092003C6DA9 /* Project object */;
}
